Microsoft Visual Studio Solution File, Format Version 12.00
# Visual Studio Version 16
VisualStudioVersion = 16.0.31019.35
MinimumVisualStudioVersion = 10.0.40219.1
Project("{FAE04EC0-301F-11D3-BF4B-00C04F79EFBC}") = "OpenBots.Server.SDK", "src\OpenBots.Server.API\OpenBots.Server.SDK.csproj", "{9F13C5CA-EEE7-49D1-BEA1-2A0BBF6DF261}"
EndProject
Global
	GlobalSection(SolutionConfigurationPlatforms) = preSolution
		Debug|Any CPU = Debug|Any CPU
		Release|Any CPU = Release|Any CPU
	EndGlobalSection
	GlobalSection(ProjectConfigurationPlatforms) = postSolution
		{9F13C5CA-EEE7-49D1-BEA1-2A0BBF6DF261}.Debug|Any CPU.ActiveCfg = Debug|Any CPU
		{9F13C5CA-EEE7-49D1-BEA1-2A0BBF6DF261}.Debug|Any CPU.Build.0 = Debug|Any CPU
		{9F13C5CA-EEE7-49D1-BEA1-2A0BBF6DF261}.Release|Any CPU.ActiveCfg = Release|Any CPU
		{9F13C5CA-EEE7-49D1-BEA1-2A0BBF6DF261}.Release|Any CPU.Build.0 = Release|Any CPU
	EndGlobalSection
	GlobalSection(SolutionProperties) = preSolution
		HideSolutionNode = FALSE
	EndGlobalSection
	GlobalSection(ExtensibilityGlobals) = postSolution
		SolutionGuid = {0CC3482D-1B43-465C-A82D-9B81AC92C054}
	EndGlobalSection
EndGlobal
